# THIS IS AN AUTOGENERATED FILE. DO NOT EDIT THIS FILE DIRECTLY.
# yarn lockfile v1


"@floating-ui/core@^1.0.0":
  version "1.6.2"
  resolved "https://registry.yarnpkg.com/@floating-ui/core/-/core-1.6.2.tgz#d37f3e0ac1f1c756c7de45db13303a266226851a"
  integrity sha512-+2XpQV9LLZeanU4ZevzRnGFg2neDeKHgFLjP6YLW+tly0IvrhqT4u8enLGjLH3qeh85g19xY5rsAusfwTdn5lg==
  dependencies:
    "@floating-ui/utils" "^0.2.0"

"@floating-ui/dom@^1.6.1", "@floating-ui/dom@^1.6.5":
  version "1.6.5"
  resolved "https://registry.yarnpkg.com/@floating-ui/dom/-/dom-1.6.5.tgz#323f065c003f1d3ecf0ff16d2c2c4d38979f4cb9"
  integrity sha512-Nsdud2X65Dz+1RHjAIP0t8z5e2ff/IRbei6BqFrl1urT8sDVzM1HMQ+R0XcU5ceRfyO3I6ayeqIfh+6Wb8LGTw==
  dependencies:
    "@floating-ui/core" "^1.0.0"
    "@floating-ui/utils" "^0.2.0"

"@floating-ui/utils@^0.2.0", "@floating-ui/utils@^0.2.1":
  version "0.2.2"
  resolved "https://registry.yarnpkg.com/@floating-ui/utils/-/utils-0.2.2.tgz#d8bae93ac8b815b2bd7a98078cf91e2724ef11e5"
  integrity sha512-J4yDIIthosAsRZ5CPYP/jQvUAQtlZTTD/4suA08/FEnlxqW3sKS9iAhgsa9VYLZ6vDHn/ixJgIqRQPotoBjxIw==

"@floating-ui/vue@^1.0.6":
  version "1.0.6"
  resolved "https://registry.yarnpkg.com/@floating-ui/vue/-/vue-1.0.6.tgz#31860a12f1135d19554c232d99c5bab631c5c576"
  integrity sha512-EdrOljjkpkkqZnrpqUcPoz9NvHxuTjUtSInh6GMv3+Mcy+giY2cE2pHh9rpacRcZ2eMSCxel9jWkWXTjLmY55w==
  dependencies:
    "@floating-ui/dom" "^1.6.1"
    "@floating-ui/utils" "^0.2.1"
    vue-demi ">=0.13.0"

"@headlessui/vue@^1.7.14":
  version "1.7.22"
  resolved "https://registry.yarnpkg.com/@headlessui/vue/-/vue-1.7.22.tgz#8d55a3a670c3d48beb660b7c47a7a8ff76caacfe"
  integrity sha512-Hoffjoolq1rY+LOfJ+B/OvkhuBXXBFgd8oBlN+l1TApma2dB0En0ucFZrwQtb33SmcCqd32EQd0y07oziXWNYg==
  dependencies:
    "@tanstack/vue-virtual" "^3.0.0-beta.60"

"@internationalized/date@^3.5.4":
  version "3.5.4"
  resolved "https://registry.yarnpkg.com/@internationalized/date/-/date-3.5.4.tgz#49ba11634fd4350b7a9308e297032267b4063c44"
  integrity sha512-qoVJVro+O0rBaw+8HPjUB1iH8Ihf8oziEnqMnvhJUSuVIrHOuZ6eNLHNvzXJKUvAtaDiqMnRlg8Z2mgh09BlUw==
  dependencies:
    "@swc/helpers" "^0.5.0"

"@internationalized/number@^3.5.3":
  version "3.5.3"
  resolved "https://registry.yarnpkg.com/@internationalized/number/-/number-3.5.3.tgz#9fa060c1c4809f23fb3d38dd3f3d1ae4c87e95a8"
  integrity sha512-rd1wA3ebzlp0Mehj5YTuTI50AQEx80gWFyHcQu+u91/5NgdwBecO8BH6ipPfE+lmQ9d63vpB3H9SHoIUiupllw==
  dependencies:
    "@swc/helpers" "^0.5.0"

"@popperjs/core@^2.11.2", "@popperjs/core@^2.9.0":
  version "2.11.8"
  resolved "https://registry.yarnpkg.com/@popperjs/core/-/core-2.11.8.tgz#6b79032e760a0899cd4204710beede972a3a185f"
  integrity sha512-P1st0aksCrn9sGZhp8GMYwBnQsbvAWsZAX44oXNNvLHGqAOcoVxmjZiohstwQ7SqKnbR47akdNi+uleWD8+g6A==

"@remirror/core-constants@^2.0.2":
  version "2.0.2"
  resolved "https://registry.yarnpkg.com/@remirror/core-constants/-/core-constants-2.0.2.tgz#f05eccdc69e3a65e7d524b52548f567904a11a1a"
  integrity sha512-dyHY+sMF0ihPus3O27ODd4+agdHMEmuRdyiZJ2CCWjPV5UFmn17ZbElvk6WOGVE4rdCJKZQCrPV2BcikOMLUGQ==

"@socket.io/component-emitter@~3.1.0":
  version "3.1.2"
  resolved "https://registry.yarnpkg.com/@socket.io/component-emitter/-/component-emitter-3.1.2.tgz#821f8442f4175d8f0467b9daf26e3a18e2d02af2"
  integrity sha512-9BCxFwvbGg/RsZK9tjXd8s4UcwR0MWeFQ1XEKIQVVvAGJyINdrqKMcTRyLoK8Rse1GjzLV9cwjWV1olXRWEXVA==

"@swc/helpers@^0.5.0":
  version "0.5.11"
  resolved "https://registry.yarnpkg.com/@swc/helpers/-/helpers-0.5.11.tgz#5bab8c660a6e23c13b2d23fcd1ee44a2db1b0cb7"
  integrity sha512-YNlnKRWF2sVojTpIyzwou9XoTNbzbzONwRhOoniEioF1AtaitTvVZblaQRrAzChWQ1bLYyYSWzM18y4WwgzJ+A==
  dependencies:
    tslib "^2.4.0"

"@tailwindcss/forms@^0.5.3":
  version "0.5.7"
  resolved "https://registry.yarnpkg.com/@tailwindcss/forms/-/forms-0.5.7.tgz#db5421f062a757b5f828bc9286ba626c6685e821"
  integrity sha512-QE7X69iQI+ZXwldE+rzasvbJiyV/ju1FGHH0Qn2W3FKbuYtqp8LKcy6iSw79fVUT5/Vvf+0XgLCeYVG+UV6hOw==
  dependencies:
    mini-svg-data-uri "^1.2.3"

"@tailwindcss/typography@^0.5.0":
  version "0.5.13"
  resolved "https://registry.yarnpkg.com/@tailwindcss/typography/-/typography-0.5.13.tgz#cd788a4fa4d0ca2506e242d512f377b22c1f7932"
  integrity sha512-ADGcJ8dX21dVVHIwTRgzrcunY6YY9uSlAHHGVKvkA+vLc5qLwEszvKts40lx7z0qc4clpjclwLeK5rVCV2P/uw==
  dependencies:
    lodash.castarray "^4.4.0"
    lodash.isplainobject "^4.0.6"
    lodash.merge "^4.6.2"
    postcss-selector-parser "6.0.10"

"@tanstack/virtual-core@3.5.1":
  version "3.5.1"
  resolved "https://registry.yarnpkg.com/@tanstack/virtual-core/-/virtual-core-3.5.1.tgz#f519149bce9156d0e7954b9531df15f446f2fc12"
  integrity sha512-046+AUSiDru/V9pajE1du8WayvBKeCvJ2NmKPy/mR8/SbKKrqmSbj7LJBfXE+nSq4f5TBXvnCzu0kcYebI9WdQ==

"@tanstack/vue-virtual@^3.0.0-beta.60", "@tanstack/vue-virtual@^3.5.0":
  version "3.5.1"
  resolved "https://registry.yarnpkg.com/@tanstack/vue-virtual/-/vue-virtual-3.5.1.tgz#90b4e4afbba663f50a83ad2dc3ac0790625f9cb0"
  integrity sha512-6mc4HtDPieDVKD6GqzHiJkdzuqRNdQZuoIbkwE6af939WV+w62YmSF69jN+BOqClqh/ObiW+X1VOQx1Pftrx1A==
  dependencies:
    "@tanstack/virtual-core" "3.5.1"

"@tiptap/core@^2.4.0":
  version "2.4.0"
  resolved "https://registry.yarnpkg.com/@tiptap/core/-/core-2.4.0.tgz#6f8eee8beb5b89363582366b201ccc4798ac98a9"
  integrity sha512-YJSahk8pkxpCs8SflCZfTnJpE7IPyUWIylfgXM2DefjRQa5DZ+c6sNY0s/zbxKYFQ6AuHVX40r9pCfcqHChGxQ==

"@tiptap/extension-blockquote@^2.4.0":
  version "2.4.0"
  resolved "https://registry.yarnpkg.com/@tiptap/extension-blockquote/-/extension-blockquote-2.4.0.tgz#0179076ea2fa12e41a198dad087b81d368653b8d"
  integrity sha512-nJJy4KsPgQqWTTDOWzFRdjCfG5+QExfZj44dulgDFNh+E66xhamnbM70PklllXJgEcge7xmT5oKM0gKls5XgFw==

"@tiptap/extension-bold@^2.4.0":
  version "2.4.0"
  resolved "https://registry.yarnpkg.com/@tiptap/extension-bold/-/extension-bold-2.4.0.tgz#b5ced2c3bf51f304890137dbdf394d58c01eb208"
  integrity sha512-csnW6hMDEHoRfxcPRLSqeJn+j35Lgtt1YRiOwn7DlS66sAECGRuoGfCvQSPij0TCDp4VCR9if5Sf8EymhnQumQ==

"@tiptap/extension-bubble-menu@^2.4.0":
  version "2.4.0"
  resolved "https://registry.yarnpkg.com/@tiptap/extension-bubble-menu/-/extension-bubble-menu-2.4.0.tgz#a079329318fc21407f9a3c9c3da6ef72cb0b4ab6"
  integrity sha512-s99HmttUtpW3rScWq8rqk4+CGCwergNZbHLTkF6Rp6TSboMwfp+rwL5Q/JkcAG9KGLso1vGyXKbt1xHOvm8zMw==
  dependencies:
    tippy.js "^6.3.7"

"@tiptap/extension-bullet-list@^2.4.0":
  version "2.4.0"
  resolved "https://registry.yarnpkg.com/@tiptap/extension-bullet-list/-/extension-bullet-list-2.4.0.tgz#60eea05b5ac8c8e8d615c057559fddb95033abeb"
  integrity sha512-9S5DLIvFRBoExvmZ+/ErpTvs4Wf1yOEs8WXlKYUCcZssK7brTFj99XDwpHFA29HKDwma5q9UHhr2OB2o0JYAdw==

"@tiptap/extension-code-block@^2.4.0":
  version "2.4.0"
  resolved "https://registry.yarnpkg.com/@tiptap/extension-code-block/-/extension-code-block-2.4.0.tgz#b7f1da4825677a2ea6b8e970a1197877551e5dc8"
  integrity sha512-QWGdv1D56TBGbbJSj2cIiXGJEKguPiAl9ONzJ/Ql1ZksiQsYwx0YHriXX6TOC//T4VIf6NSClHEtwtxWBQ/Csg==

"@tiptap/extension-code@^2.4.0":
  version "2.4.0"
  resolved "https://registry.yarnpkg.com/@tiptap/extension-code/-/extension-code-2.4.0.tgz#3a9fed3585bf49f445505c2e9ad71fd66e117304"
  integrity sha512-wjhBukuiyJMq4cTcK3RBTzUPV24k5n1eEPlpmzku6ThwwkMdwynnMGMAmSF3fErh3AOyOUPoTTjgMYN2d10SJA==

"@tiptap/extension-color@^2.0.3":
  version "2.4.0"
  resolved "https://registry.yarnpkg.com/@tiptap/extension-color/-/extension-color-2.4.0.tgz#eaddbd574953da85aaae9785269f2891b2d683ad"
  integrity sha512-aVuqGtzTIZO93niADdu+Hx8g03X0pS7wjrJcCcYkkDEbC/siC03zlxKZIYBW1Jiabe99Z7/s2KdtLoK6DW2A2g==

"@tiptap/extension-document@^2.4.0":
  version "2.4.0"
  resolved "https://registry.yarnpkg.com/@tiptap/extension-document/-/extension-document-2.4.0.tgz#a396b2cbcc8708aa2a0a41d0be481fda4b61c77b"
  integrity sha512-3jRodQJZDGbXlRPERaloS+IERg/VwzpC1IO6YSJR9jVIsBO6xC29P3cKTQlg1XO7p6ZH/0ksK73VC5BzzTwoHg==

"@tiptap/extension-dropcursor@^2.4.0":
  version "2.4.0"
  resolved "https://registry.yarnpkg.com/@tiptap/extension-dropcursor/-/extension-dropcursor-2.4.0.tgz#8f54908f84a4ab7d2d7de7fc0197511138445740"
  integrity sha512-c46HoG2PEEpSZv5rmS5UX/lJ6/kP1iVO0Ax+6JrNfLEIiDULUoi20NqdjolEa38La2VhWvs+o20OviiTOKEE9g==

"@tiptap/extension-floating-menu@^2.4.0":
  version "2.4.0"
  resolved "https://registry.yarnpkg.com/@tiptap/extension-floating-menu/-/extension-floating-menu-2.4.0.tgz#75c48b98d0f833251eab70f269ed186f48fc398e"
  integrity sha512-vLb9v+htbHhXyty0oaXjT3VC8St4xuGSHWUB9GuAJAQ+NajIO6rBPbLUmm9qM0Eh2zico5mpSD1Qtn5FM6xYzg==
  dependencies:
    tippy.js "^6.3.7"

"@tiptap/extension-gapcursor@^2.4.0":
  version "2.4.0"
  resolved "https://registry.yarnpkg.com/@tiptap/extension-gapcursor/-/extension-gapcursor-2.4.0.tgz#2a738509d40f5f856492c11e32b10e4462f71216"
  integrity sha512-F4y/0J2lseohkFUw9P2OpKhrJ6dHz69ZScABUvcHxjznJLd6+0Zt7014Lw5PA8/m2d/w0fX8LZQ88pZr4quZPQ==

"@tiptap/extension-hard-break@^2.4.0":
  version "2.4.0"
  resolved "https://registry.yarnpkg.com/@tiptap/extension-hard-break/-/extension-hard-break-2.4.0.tgz#b5bf5b065827280e450fba8f53d137654509d836"
  integrity sha512-3+Z6zxevtHza5IsDBZ4lZqvNR3Kvdqwxq/QKCKu9UhJN1DUjsg/l1Jn2NilSQ3NYkBYh2yJjT8CMo9pQIu776g==

"@tiptap/extension-heading@^2.4.0":
  version "2.4.0"
  resolved "https://registry.yarnpkg.com/@tiptap/extension-heading/-/extension-heading-2.4.0.tgz#16302ce691714244c3d3fa92d2db86a5c895a025"
  integrity sha512-fYkyP/VMo7YHO76YVrUjd95Qeo0cubWn/Spavmwm1gLTHH/q7xMtbod2Z/F0wd6QHnc7+HGhO7XAjjKWDjldaw==

"@tiptap/extension-highlight@^2.0.3":
  version "2.4.0"
  resolved "https://registry.yarnpkg.com/@tiptap/extension-highlight/-/extension-highlight-2.4.0.tgz#29a200993b0e599223efac373785089109579fd3"
  integrity sha512-p2I/CaMrs6hzpj/dSw6UNobOWTV38yTjPK+B4ShJQ7IN2u/C82KOTOeFfJoFd9KykmpVOVW3w3nKG3ad0HXPuQ==

"@tiptap/extension-history@^2.4.0":
  version "2.4.0"
  resolved "https://registry.yarnpkg.com/@tiptap/extension-history/-/extension-history-2.4.0.tgz#1dbf8410c091175627414d48a0d857232a8f4094"
  integrity sha512-gr5qsKAXEVGr1Lyk1598F7drTaEtAxqZiuuSwTCzZzkiwgEQsWMWTWc9F8FlneCEaqe1aIYg6WKWlmYPaFwr0w==

"@tiptap/extension-horizontal-rule@^2.4.0":
  version "2.4.0"
  resolved "https://registry.yarnpkg.com/@tiptap/extension-horizontal-rule/-/extension-horizontal-rule-2.4.0.tgz#7f27c0778004602686251af7e2f7a8461a3d77ba"
  integrity sha512-yDgxy+YxagcEsBbdWvbQiXYxsv3noS1VTuGwc9G7ZK9xPmBHJ5y0agOkB7HskwsZvJHoaSqNRsh7oZTkf0VR3g==

"@tiptap/extension-image@^2.0.3":
  version "2.4.0"
  resolved "https://registry.yarnpkg.com/@tiptap/extension-image/-/extension-image-2.4.0.tgz#21a18e80ed6bc330cf8ab2ca990a3addb40916c8"
  integrity sha512-NIVhRPMO/ONo8OywEd+8zh0Q6Q7EbFHtBxVsvfOKj9KtZkaXQfUO4MzONTyptkvAchTpj9pIzeaEY5fyU87gFA==

"@tiptap/extension-italic@^2.4.0":
  version "2.4.0"
  resolved "https://registry.yarnpkg.com/@tiptap/extension-italic/-/extension-italic-2.4.0.tgz#42ab003e04e1e8d825f698914c0e80ac849144f1"
  integrity sha512-aaW/L9q+KNHHK+X73MPloHeIsT191n3VLd3xm6uUcFDnUNvzYJ/q65/1ZicdtCaOLvTutxdrEvhbkrVREX6a8g==

"@tiptap/extension-link@^2.0.3":
  version "2.4.0"
  resolved "https://registry.yarnpkg.com/@tiptap/extension-link/-/extension-link-2.4.0.tgz#e44edfe2f8d878959bd3ad64fda1b9e232f1f011"
  integrity sha512-r3PjT0bjSKAorHAEBPA0icSMOlqALbxVlWU9vAc+Q3ndzt7ht0CTPNewzFF9kjzARABVt1cblXP/2+c0qGzcsg==
  dependencies:
    linkifyjs "^4.1.0"

"@tiptap/extension-list-item@^2.4.0":
  version "2.4.0"
  resolved "https://registry.yarnpkg.com/@tiptap/extension-list-item/-/extension-list-item-2.4.0.tgz#a97a48850b81e94b9a60cc2aa16e515aa5311456"
  integrity sha512-reUVUx+2cI2NIAqMZhlJ9uK/+zvRzm1GTmlU2Wvzwc7AwLN4yemj6mBDsmBLEXAKPvitfLh6EkeHaruOGymQtg==

"@tiptap/extension-mention@^2.0.3":
  version "2.4.0"
  resolved "https://registry.yarnpkg.com/@tiptap/extension-mention/-/extension-mention-2.4.0.tgz#35f13d71e207280cafe5b00e76f17b4c372fbe8b"
  integrity sha512-7BqCNfqF1Mv9IrtdlHADwXMFo968UNmthf/TepVXC7EX2Ke6/Y4vvxmpYVNZc55FdswFwpVyZ2VeXBj3AC2JcA==

"@tiptap/extension-ordered-list@^2.4.0":
  version "2.4.0"
  resolved "https://registry.yarnpkg.com/@tiptap/extension-ordered-list/-/extension-ordered-list-2.4.0.tgz#6cf82e10d7e7f7cc44156d29b0b71a22dec31612"
  integrity sha512-Zo0c9M0aowv+2+jExZiAvhCB83GZMjZsxywmuOrdUbq5EGYKb7q8hDyN3hkrktVHr9UPXdPAYTmLAHztTOHYRA==

"@tiptap/extension-paragraph@^2.4.0":
  version "2.4.0"
  resolved "https://registry.yarnpkg.com/@tiptap/extension-paragraph/-/extension-paragraph-2.4.0.tgz#5b9aea8775937b327bbe6754be12ae3144fb09ff"
  integrity sha512-+yse0Ow67IRwcACd9K/CzBcxlpr9OFnmf0x9uqpaWt1eHck1sJnti6jrw5DVVkyEBHDh/cnkkV49gvctT/NyCw==

"@tiptap/extension-placeholder@^2.0.3":
  version "2.4.0"
  resolved "https://registry.yarnpkg.com/@tiptap/extension-placeholder/-/extension-placeholder-2.4.0.tgz#b4cf5655cf6a4a39eaa5ef6a8376d5b31614db52"
  integrity sha512-SmWOjgWpmhFt0BPOnL65abCUH0wS5yksUJgtANn5bQoHF4HFSsyl7ETRmgf0ykxdjc7tzOg31FfpWVH4wzKSYg==

"@tiptap/extension-strike@^2.4.0":
  version "2.4.0"
  resolved "https://registry.yarnpkg.com/@tiptap/extension-strike/-/extension-strike-2.4.0.tgz#f09c4f51f7fed01c356026d7e8d8a1d1f2ac8f18"
  integrity sha512-pE1uN/fQPOMS3i+zxPYMmPmI3keubnR6ivwM+KdXWOMnBiHl9N4cNpJgq1n2eUUGKLurC2qrQHpnVyGAwBS6Vg==

"@tiptap/extension-table-cell@^2.0.3":
  version "2.4.0"
  resolved "https://registry.yarnpkg.com/@tiptap/extension-table-cell/-/extension-table-cell-2.4.0.tgz#048d869acbf6cfbcd31076adf8130ffd679990a7"
  integrity sha512-zylResMWLvV17Z6+GEDjvvl+YpJqJhNMyJsZPZNx/72OcNCDN3p2d6RGFwhpnCpdzZDD6LGaIgWaTj9oeg53SA==

"@tiptap/extension-table-header@^2.0.3":
  version "2.4.0"
  resolved "https://registry.yarnpkg.com/@tiptap/extension-table-header/-/extension-table-header-2.4.0.tgz#618a86bc5e66149661129b7e8fbe2fd363882c2d"
  integrity sha512-FZCOyJHSFsMTCfBh49J1DlwgpUIM5Ivpr57Za8FVvUkk8RKUIOKpNsZqxE+Wrw+2Bvy5H4X7Azb588x0NDqfOQ==

"@tiptap/extension-table-row@^2.0.3":
  version "2.4.0"
  resolved "https://registry.yarnpkg.com/@tiptap/extension-table-row/-/extension-table-row-2.4.0.tgz#751ecd4ce49ebe1ccdea153f27c3a61e4449cfd4"
  integrity sha512-K4FDI4YzyLWZbhIZYYL15uqs6M3QsPZGTpTdkSaxcKMLholcskDSHhJmySxnrjI0+JNAtyIiqlWBfA1/9Zyhng==

"@tiptap/extension-table@^2.0.3":
  version "2.4.0"
  resolved "https://registry.yarnpkg.com/@tiptap/extension-table/-/extension-table-2.4.0.tgz#a29bb933a10ddbd9469263df0c7527ae1fa1de00"
  integrity sha512-ceIUnPSqVCb+qC0XZSgApoG3dL3MRvWrGl1nIMxEqPgMsD/MP6MsYV1Lx/GmtdUlEEsV1624cGTBiRzeCuWkZA==

"@tiptap/extension-text-align@^2.0.3":
  version "2.4.0"
  resolved "https://registry.yarnpkg.com/@tiptap/extension-text-align/-/extension-text-align-2.4.0.tgz#15bda62a8f0d0feaede0632a15fb2d032ff81754"
  integrity sha512-wpRe2OiLXTK4kTy4RZEPnPjFbK16kYHPAx1552hLXrOdyxbS7Sdbo+w4x7aGLLZZqZdudCFfkdtnqrc7PDVZdA==

"@tiptap/extension-text-style@^2.0.3":
  version "2.4.0"
  resolved "https://registry.yarnpkg.com/@tiptap/extension-text-style/-/extension-text-style-2.4.0.tgz#9f86d8de4606bc37090b7b02c2aaf40bb37a860f"
  integrity sha512-H0uPWeZ4sXz3o836TDWnpd38qClqzEM2d6QJ9TK+cQ1vE5Gp8wQ5W4fwUV1KAHzpJKE/15+BXBjLyVYQdmXDaQ==

"@tiptap/extension-text@^2.4.0":
  version "2.4.0"
  resolved "https://registry.yarnpkg.com/@tiptap/extension-text/-/extension-text-2.4.0.tgz#a3a5f45a9856d513e574f24e2c9b6028273f8eb3"
  integrity sha512-LV0bvE+VowE8IgLca7pM8ll7quNH+AgEHRbSrsI3SHKDCYB9gTHMjWaAkgkUVaO1u0IfCrjnCLym/PqFKa+vvg==

"@tiptap/extension-typography@^2.0.3":
  version "2.4.0"
  resolved "https://registry.yarnpkg.com/@tiptap/extension-typography/-/extension-typography-2.4.0.tgz#52a4f0d252165db2976014b572ffaa14cd04fd1d"
  integrity sha512-RuGenfdPA6ggu5IVLdcIdhGCdRlwSvWp0lETySM3PILE6fxCrxTD54m3pxpY0Q1cg+F71YDUHdSmSipQTwQnsQ==

"@tiptap/pm@^2.0.3":
  version "2.4.0"
  resolved "https://registry.yarnpkg.com/@tiptap/pm/-/pm-2.4.0.tgz#f6fe81d24569da584658d2e8a3a378aea3619fb3"
  integrity sha512-B1HMEqGS4MzIVXnpgRZDLm30mxDWj51LkBT/if1XD+hj5gm8B9Q0c84bhvODX6KIs+c6z+zsY9VkVu8w9Yfgxg==
  dependencies:
    prosemirror-changeset "^2.2.1"
    prosemirror-collab "^1.3.1"
    prosemirror-commands "^1.5.2"
    prosemirror-dropcursor "^1.8.1"
    prosemirror-gapcursor "^1.3.2"
    prosemirror-history "^1.3.2"
    prosemirror-inputrules "^1.3.0"
    prosemirror-keymap "^1.2.2"
    prosemirror-markdown "^1.12.0"
    prosemirror-menu "^1.2.4"
    prosemirror-model "^1.19.4"
    prosemirror-schema-basic "^1.2.2"
    prosemirror-schema-list "^1.3.0"
    prosemirror-state "^1.4.3"
    prosemirror-tables "^1.3.5"
    prosemirror-trailing-node "^2.0.7"
    prosemirror-transform "^1.8.0"
    prosemirror-view "^1.32.7"

"@tiptap/starter-kit@^2.0.3":
  version "2.4.0"
  resolved "https://registry.yarnpkg.com/@tiptap/starter-kit/-/starter-kit-2.4.0.tgz#ad2c2d900af41e55eaaccafa92fd6b2acaebd97e"
  integrity sha512-DYYzMZdTEnRn9oZhKOeRCcB+TjhNz5icLlvJKoHoOGL9kCbuUyEf8WRR2OSPckI0+KUIPJL3oHRqO4SqSdTjfg==
  dependencies:
    "@tiptap/core" "^2.4.0"
    "@tiptap/extension-blockquote" "^2.4.0"
    "@tiptap/extension-bold" "^2.4.0"
    "@tiptap/extension-bullet-list" "^2.4.0"
    "@tiptap/extension-code" "^2.4.0"
    "@tiptap/extension-code-block" "^2.4.0"
    "@tiptap/extension-document" "^2.4.0"
    "@tiptap/extension-dropcursor" "^2.4.0"
    "@tiptap/extension-gapcursor" "^2.4.0"
    "@tiptap/extension-hard-break" "^2.4.0"
    "@tiptap/extension-heading" "^2.4.0"
    "@tiptap/extension-history" "^2.4.0"
    "@tiptap/extension-horizontal-rule" "^2.4.0"
    "@tiptap/extension-italic" "^2.4.0"
    "@tiptap/extension-list-item" "^2.4.0"
    "@tiptap/extension-ordered-list" "^2.4.0"
    "@tiptap/extension-paragraph" "^2.4.0"
    "@tiptap/extension-strike" "^2.4.0"
    "@tiptap/extension-text" "^2.4.0"

"@tiptap/suggestion@^2.0.3":
  version "2.4.0"
  resolved "https://registry.yarnpkg.com/@tiptap/suggestion/-/suggestion-2.4.0.tgz#1926cde5f197d116baf7794f55bd971245540e5c"
  integrity sha512-6dCkjbL8vIzcLWtS6RCBx0jlYPKf2Beuyq5nNLrDDZZuyJow5qJAY0eGu6Xomp9z0WDK/BYOxT4hHNoGMDkoAg==

"@tiptap/vue-3@^2.0.3":
  version "2.4.0"
  resolved "https://registry.yarnpkg.com/@tiptap/vue-3/-/vue-3-2.4.0.tgz#906dc45167498e88b56b8390aabf658e8f1c2fc4"
  integrity sha512-NCw1Y4ScIrMCKC9YlepUHSAB8jq/PQ2f+AbZKh5bY2t/kMSJYLCJVHq9NFzG4TQtktgMGWCcEQVcDJ7YNpsfxw==
  dependencies:
    "@tiptap/extension-bubble-menu" "^2.4.0"
    "@tiptap/extension-floating-menu" "^2.4.0"

"@types/web-bluetooth@^0.0.20":
  version "0.0.20"
  resolved "https://registry.yarnpkg.com/@types/web-bluetooth/-/web-bluetooth-0.0.20.tgz#f066abfcd1cbe66267cdbbf0de010d8a41b41597"
  integrity sha512-g9gZnnXVq7gM7v3tJCWV/qw7w+KeOlSHAhgF9RytFyifW6AF61hdT2ucrYhPq9hLs5JIryeupHV3qGk95dH9ow==

"@vueuse/core@^10.4.1", "@vueuse/core@^10.5.0":
  version "10.10.0"
  resolved "https://registry.yarnpkg.com/@vueuse/core/-/core-10.10.0.tgz#05a98d3c5674762455a2c552c915d461d83e6490"
  integrity sha512-vexJ/YXYs2S42B783rI95lMt3GzEwkxzC8Hb0Ndpd8rD+p+Lk/Za4bd797Ym7yq4jXqdSyj3JLChunF/vyYjUw==
  dependencies:
    "@types/web-bluetooth" "^0.0.20"
    "@vueuse/metadata" "10.10.0"
    "@vueuse/shared" "10.10.0"
    vue-demi ">=0.14.7"

"@vueuse/metadata@10.10.0":
  version "10.10.0"
  resolved "https://registry.yarnpkg.com/@vueuse/metadata/-/metadata-10.10.0.tgz#53e61e9380670e342cbe6e03d852f3319308cb5b"
  integrity sha512-UNAo2sTCAW5ge6OErPEHb5z7NEAg3XcO9Cj7OK45aZXfLLH1QkexDcZD77HBi5zvEiLOm1An+p/4b5K3Worpug==

"@vueuse/shared@10.10.0", "@vueuse/shared@^10.5.0":
  version "10.10.0"
  resolved "https://registry.yarnpkg.com/@vueuse/shared/-/shared-10.10.0.tgz#93f7c2210151ff43c2c7677963f7aa3aef5d9896"
  integrity sha512-2aW33Ac0Uk0U+9yo3Ypg9s5KcR42cuehRWl7vnUHadQyFvCktseyxxEPBi1Eiq4D2yBGACOnqLZpx1eMc7g5Og==
  dependencies:
    vue-demi ">=0.14.7"

argparse@^2.0.1:
  version "2.0.1"
  resolved "https://registry.yarnpkg.com/argparse/-/argparse-2.0.1.tgz#246f50f3ca78a3240f6c997e8a9bd1eac49e4b38"
  integrity sha512-8+9WqebbFzpX9OR+Wa6O29asIogeRMzcGtAINdpMHHyAg10f05aSFVBbcEqGf/PXw1EjAZ+q2/bEBg3DvurK3Q==

aria-hidden@^1.2.3:
  version "1.2.4"
  resolved "https://registry.yarnpkg.com/aria-hidden/-/aria-hidden-1.2.4.tgz#b78e383fdbc04d05762c78b4a25a501e736c4522"
  integrity sha512-y+CcFFwelSXpLZk/7fMB2mUbGtX9lKycf1MWJ7CaTIERyitVlyQx6C+sxcROU2BAJ24OiZyK+8wj2i8AlBoS3A==
  dependencies:
    tslib "^2.0.0"

classnames@^2.2.5:
  version "2.5.1"
  resolved "https://registry.yarnpkg.com/classnames/-/classnames-2.5.1.tgz#ba774c614be0f016da105c858e7159eae8e7687b"
  integrity sha512-saHYOzhIQs6wy2sVxTM6bUDsQO4F50V9RQ22qBpEdCW+I+/Wmke2HOl6lS6dTpdxVhb88/I6+Hs+438c3lfUow==

commander@^9.0.0:
  version "9.5.0"
  resolved "https://registry.yarnpkg.com/commander/-/commander-9.5.0.tgz#bc08d1eb5cedf7ccb797a96199d41c7bc3e60d30"
  integrity sha512-KRs7WVDKg86PWiuAqhDrAQnTXZKraVcCc6vFdL14qrZ/DcWwuRo7VoiYXalXO7S5GKpqYiVEwCbgFDfxNHKJBQ==

core-js@^3.1.3:
  version "3.37.1"
  resolved "https://registry.yarnpkg.com/core-js/-/core-js-3.37.1.tgz#d21751ddb756518ac5a00e4d66499df981a62db9"
  integrity sha512-Xn6qmxrQZyB0FFY8E3bgRXei3lWDJHhvI+u0q9TKIYM49G8pAr0FgnnrFRAmsbptZL1yxRADVXn+x5AGsbBfyw==

crelt@^1.0.0:
  version "1.0.6"
  resolved "https://registry.yarnpkg.com/crelt/-/crelt-1.0.6.tgz#7cc898ea74e190fb6ef9dae57f8f81cf7302df72"
  integrity sha512-VQ2MBenTq1fWZUH9DJNGti7kKv6EeAuYr3cLwxUWhIu1baTaXh4Ib5W2CqHVqib4/MqbYGJqiL3Zb8GJZr3l4g==

cssesc@^3.0.0:
  version "3.0.0"
  resolved "https://registry.yarnpkg.com/cssesc/-/cssesc-3.0.0.tgz#37741919903b868565e1c09ea747445cd18983ee"
  integrity sha512-/Tb/JcjK111nNScGob5MNtsntNM1aCNUDipB/TkwZFhyDrrE47SOx/18wF2bbjgc3ZzCSKW1T5nt5EbFoAz/Vg==

debug@~4.3.1, debug@~4.3.2:
  version "4.3.5"
  resolved "https://registry.yarnpkg.com/debug/-/debug-4.3.5.tgz#e83444eceb9fedd4a1da56d671ae2446a01a6e1e"
  integrity sha512-pt0bNEmneDIvdL1Xsd9oDQ/wrQRkXDT4AUWlNZNPKvW5x/jyO9VFXkJUP07vQ2upmw5PlaITaPKc31jK13V+jg==
  dependencies:
    ms "2.1.2"

defu@^6.1.4:
  version "6.1.4"
  resolved "https://registry.yarnpkg.com/defu/-/defu-6.1.4.tgz#4e0c9cf9ff68fe5f3d7f2765cc1a012dfdcb0479"
  integrity sha512-mEQCMmwJu317oSz8CwdIOdwf3xMif1ttiM8LTufzc3g6kR+9Pe236twL8j3IYT1F7GfRgGcW6MWxzZjLIkuHIg==

engine.io-client@~6.5.2:
  version "6.5.3"
  resolved "https://registry.yarnpkg.com/engine.io-client/-/engine.io-client-6.5.3.tgz#4cf6fa24845029b238f83c628916d9149c399bc5"
  integrity sha512-9Z0qLB0NIisTRt1DZ/8U2k12RJn8yls/nXMZLn+/N8hANT3TcYjKFKcwbw5zFQiN4NTde3TSY9zb79e1ij6j9Q==
  dependencies:
    "@socket.io/component-emitter" "~3.1.0"
    debug "~4.3.1"
    engine.io-parser "~5.2.1"
    ws "~8.11.0"
    xmlhttprequest-ssl "~2.0.0"

engine.io-parser@~5.2.1:
  version "5.2.2"
  resolved "https://registry.yarnpkg.com/engine.io-parser/-/engine.io-parser-5.2.2.tgz#37b48e2d23116919a3453738c5720455e64e1c49"
  integrity sha512-RcyUFKA93/CXH20l4SoVvzZfrSDMOTUS3bWVpTt2FuFP+XYrL8i8oonHP7WInRyVHXh0n/ORtoeiE1os+8qkSw==

entities@^4.4.0:
  version "4.5.0"
  resolved "https://registry.yarnpkg.com/entities/-/entities-4.5.0.tgz#5d268ea5e7113ec74c4d033b79ea5a35a488fb48"
  integrity sha512-V0hjH4dGPh9Ao5p0MoRY6BVqtwCjhz6vI5LT8AJ55H+4g9/4vbHx1I54fS0XuclLhDHArPQCiMjDxjaL8fPxhw==

escape-string-regexp@^4.0.0:
  version "4.0.0"
  resolved "https://registry.yarnpkg.com/escape-string-regexp/-/escape-string-regexp-4.0.0.tgz#14ba83a5d373e3d311e5afca29cf5bfad965bf34"
  integrity sha512-TtpcNJ3XAzx3Gq8sWRzJaVajRs0uVxA2YAkdb1jm2YkPz4G6egUFAyA3n5vtEIZefPk5Wa4UXbKuS5fKkJWdgA==

fast-deep-equal@^3.1.3:
  version "3.1.3"
  resolved "https://registry.yarnpkg.com/fast-deep-equal/-/fast-deep-equal-3.1.3.tgz#3a7d56b559d6cbc3eb512325244e619a65c6c525"
  integrity sha512-f3qQ9oQy9j2AhBe/H9VC91wLmKBCCU/gDOnKNAYG5hswO7BLKj09Hc5HYNz9cGI++xlpDCIgDaitVs03ATR84Q==

feather-icons@^4.28.0:
  version "4.29.2"
  resolved "https://registry.yarnpkg.com/feather-icons/-/feather-icons-4.29.2.tgz#b03a47588a1c400f215e884504db1c18860d89f8"
  integrity sha512-0TaCFTnBTVCz6U+baY2UJNKne5ifGh7sMG4ZC2LoBWCZdIyPa+y6UiR4lEYGws1JOFWdee8KAsAIvu0VcXqiqA==
  dependencies:
    classnames "^2.2.5"
    core-js "^3.1.3"

frappe-ui@^0.1.60:
  version "0.1.60"
  resolved "https://registry.yarnpkg.com/frappe-ui/-/frappe-ui-0.1.60.tgz#a85241ea0b3ebc2d1bb07988dd3f991b08ef092b"
  integrity sha512-XeOSEhVBhulZuCEhNrfSGm87fD/30zq96n4mwssaJhLNLRIs02KeynmxKkFNBtJfA9ba4oCT1vwAqyTTEXDbwA==
  dependencies:
    "@headlessui/vue" "^1.7.14"
    "@popperjs/core" "^2.11.2"
    "@tailwindcss/forms" "^0.5.3"
    "@tailwindcss/typography" "^0.5.0"
    "@tiptap/extension-color" "^2.0.3"
    "@tiptap/extension-highlight" "^2.0.3"
    "@tiptap/extension-image" "^2.0.3"
    "@tiptap/extension-link" "^2.0.3"
    "@tiptap/extension-mention" "^2.0.3"
    "@tiptap/extension-placeholder" "^2.0.3"
    "@tiptap/extension-table" "^2.0.3"
    "@tiptap/extension-table-cell" "^2.0.3"
    "@tiptap/extension-table-header" "^2.0.3"
    "@tiptap/extension-table-row" "^2.0.3"
    "@tiptap/extension-text-align" "^2.0.3"
    "@tiptap/extension-text-style" "^2.0.3"
    "@tiptap/extension-typography" "^2.0.3"
    "@tiptap/pm" "^2.0.3"
    "@tiptap/starter-kit" "^2.0.3"
    "@tiptap/suggestion" "^2.0.3"
    "@tiptap/vue-3" "^2.0.3"
    "@vueuse/core" "^10.4.1"
    feather-icons "^4.28.0"
    idb-keyval "^6.2.0"
    radix-vue "^1.5.3"
    showdown "^2.1.0"
    socket.io-client "^4.5.1"
    tippy.js "^6.3.7"

idb-keyval@^6.2.0:
  version "6.2.1"
  resolved "https://registry.yarnpkg.com/idb-keyval/-/idb-keyval-6.2.1.tgz#94516d625346d16f56f3b33855da11bfded2db33"
  integrity sha512-8Sb3veuYCyrZL+VBt9LJfZjLUPWVvqn8tG28VqYNFCo43KHcKuq+b4EiXGeuaLAQWL2YmyDgMp2aSpH9JHsEQg==

linkify-it@^5.0.0:
  version "5.0.0"
  resolved "https://registry.yarnpkg.com/linkify-it/-/linkify-it-5.0.0.tgz#9ef238bfa6dc70bd8e7f9572b52d369af569b421"
  integrity sha512-5aHCbzQRADcdP+ATqnDuhhJ/MRIqDkZX5pyjFHRRysS8vZ5AbqGEoFIb6pYHPZ+L/OC2Lc+xT8uHVVR5CAK/wQ==
  dependencies:
    uc.micro "^2.0.0"

linkifyjs@^4.1.0:
  version "4.1.3"
  resolved "https://registry.yarnpkg.com/linkifyjs/-/linkifyjs-4.1.3.tgz#0edbc346428a7390a23ea2e5939f76112c9ae07f"
  integrity sha512-auMesunaJ8yfkHvK4gfg1K0SaKX/6Wn9g2Aac/NwX+l5VdmFZzo/hdPGxEOETj+ryRa4/fiOPjeeKURSAJx1sg==

lodash.castarray@^4.4.0:
  version "4.4.0"
  resolved "https://registry.yarnpkg.com/lodash.castarray/-/lodash.castarray-4.4.0.tgz#c02513515e309daddd4c24c60cfddcf5976d9115"
  integrity sha512-aVx8ztPv7/2ULbArGJ2Y42bG1mEQ5mGjpdvrbJcJFU3TbYybe+QlLS4pst9zV52ymy2in1KpFPiZnAOATxD4+Q==

lodash.isplainobject@^4.0.6:
  version "4.0.6"
  resolved "https://registry.yarnpkg.com/lodash.isplainobject/-/lodash.isplainobject-4.0.6.tgz#7c526a52d89b45c45cc690b88163be0497f550cb"
  integrity sha512-oSXzaWypCMHkPC3NvBEaPHf0KsA5mvPrOPgQWDsbg8n7orZ290M0BmC/jgRZ4vcJ6DTAhjrsSYgdsW/F+MFOBA==

lodash.merge@^4.6.2:
  version "4.6.2"
  resolved "https://registry.yarnpkg.com/lodash.merge/-/lodash.merge-4.6.2.tgz#558aa53b43b661e1925a0afdfa36a9a1085fe57a"
  integrity sha512-0KpjqXRVvrYyCsX1swR/XTK0va6VQkQM6MNo7PqW77ByjAhoARA8EfrP1N4+KlKj8YS0ZUCtRT/YUuhyYDujIQ==

markdown-it@^14.0.0:
  version "14.1.0"
  resolved "https://registry.yarnpkg.com/markdown-it/-/markdown-it-14.1.0.tgz#3c3c5992883c633db4714ccb4d7b5935d98b7d45"
  integrity sha512-a54IwgWPaeBCAAsv13YgmALOF1elABB08FxO9i+r4VFk5Vl4pKokRPeX8u5TCgSsPi6ec1otfLjdOpVcgbpshg==
  dependencies:
    argparse "^2.0.1"
    entities "^4.4.0"
    linkify-it "^5.0.0"
    mdurl "^2.0.0"
    punycode.js "^2.3.1"
    uc.micro "^2.1.0"

mdurl@^2.0.0:
  version "2.0.0"
  resolved "https://registry.yarnpkg.com/mdurl/-/mdurl-2.0.0.tgz#80676ec0433025dd3e17ee983d0fe8de5a2237e0"
  integrity sha512-Lf+9+2r+Tdp5wXDXC4PcIBjTDtq4UKjCPMQhKIuzpJNW0b96kVqSwW0bT7FhRSfmAiFYgP+SCRvdrDozfh0U5w==

mini-svg-data-uri@^1.2.3:
  version "1.4.4"
  resolved "https://registry.yarnpkg.com/mini-svg-data-uri/-/mini-svg-data-uri-1.4.4.tgz#8ab0aabcdf8c29ad5693ca595af19dd2ead09939"
  integrity sha512-r9deDe9p5FJUPZAk3A59wGH7Ii9YrjjWw0jmw/liSbHl2CHiyXj6FcDXDu2K3TjVAXqiJdaw3xxwlZZr9E6nHg==

ms@2.1.2:
  version "2.1.2"
  resolved "https://registry.yarnpkg.com/ms/-/ms-2.1.2.tgz#d09d1f357b443f493382a8eb3ccd183872ae6009"
  integrity sha512-sGkPx+VjMtmA6MX27oA4FBFELFCZZ4S4XqeGOXCv68tT+jb3vk/RyaKWP0PTKyWtmLSM0b+adUTEvbs1PEaH2w==

nanoid@^5.0.6:
  version "5.0.7"
  resolved "https://registry.yarnpkg.com/nanoid/-/nanoid-5.0.7.tgz#6452e8c5a816861fd9d2b898399f7e5fd6944cc6"
  integrity sha512-oLxFY2gd2IqnjcYyOXD8XGCftpGtZP2AbHbOkthDkvRywH5ayNtPVy9YlOPcHckXzbLTCHpkb7FB+yuxKV13pQ==

orderedmap@^2.0.0:
  version "2.1.1"
  resolved "https://registry.yarnpkg.com/orderedmap/-/orderedmap-2.1.1.tgz#61481269c44031c449915497bf5a4ad273c512d2"
  integrity sha512-TvAWxi0nDe1j/rtMcWcIj94+Ffe6n7zhow33h40SKxmsmozs6dz/e+EajymfoFcHd7sxNn8yHM8839uixMOV6g==

postcss-selector-parser@6.0.10:
  version "6.0.10"
  resolved "https://registry.yarnpkg.com/postcss-selector-parser/-/postcss-selector-parser-6.0.10.tgz#79b61e2c0d1bfc2602d549e11d0876256f8df88d"
  integrity sha512-IQ7TZdoaqbT+LCpShg46jnZVlhWD2w6iQYAcYXfHARZ7X1t/UGhhceQDs5X0cGqKvYlHNOuv7Oa1xmb0oQuA3w==
  dependencies:
    cssesc "^3.0.0"
    util-deprecate "^1.0.2"

prosemirror-changeset@^2.2.1:
  version "2.2.1"
  resolved "https://registry.yarnpkg.com/prosemirror-changeset/-/prosemirror-changeset-2.2.1.tgz#dae94b63aec618fac7bb9061648e6e2a79988383"
  integrity sha512-J7msc6wbxB4ekDFj+n9gTW/jav/p53kdlivvuppHsrZXCaQdVgRghoZbSS3kwrRyAstRVQ4/+u5k7YfLgkkQvQ==
  dependencies:
    prosemirror-transform "^1.0.0"

prosemirror-collab@^1.3.1:
  version "1.3.1"
  resolved "https://registry.yarnpkg.com/prosemirror-collab/-/prosemirror-collab-1.3.1.tgz#0e8c91e76e009b53457eb3b3051fb68dad029a33"
  integrity sha512-4SnynYR9TTYaQVXd/ieUvsVV4PDMBzrq2xPUWutHivDuOshZXqQ5rGbZM84HEaXKbLdItse7weMGOUdDVcLKEQ==
  dependencies:
    prosemirror-state "^1.0.0"

prosemirror-commands@^1.0.0, prosemirror-commands@^1.5.2:
  version "1.5.2"
  resolved "https://registry.yarnpkg.com/prosemirror-commands/-/prosemirror-commands-1.5.2.tgz#e94aeea52286f658cd984270de9b4c3fff580852"
  integrity sha512-hgLcPaakxH8tu6YvVAaILV2tXYsW3rAdDR8WNkeKGcgeMVQg3/TMhPdVoh7iAmfgVjZGtcOSjKiQaoeKjzd2mQ==
  dependencies:
    prosemirror-model "^1.0.0"
    prosemirror-state "^1.0.0"
    prosemirror-transform "^1.0.0"

prosemirror-dropcursor@^1.8.1:
  version "1.8.1"
  resolved "https://registry.yarnpkg.com/prosemirror-dropcursor/-/prosemirror-dropcursor-1.8.1.tgz#49b9fb2f583e0d0f4021ff87db825faa2be2832d"
  integrity sha512-M30WJdJZLyXHi3N8vxN6Zh5O8ZBbQCz0gURTfPmTIBNQ5pxrdU7A58QkNqfa98YEjSAL1HUyyU34f6Pm5xBSGw==
  dependencies:
    prosemirror-state "^1.0.0"
    prosemirror-transform "^1.1.0"
    prosemirror-view "^1.1.0"

prosemirror-gapcursor@^1.3.2:
  version "1.3.2"
  resolved "https://registry.yarnpkg.com/prosemirror-gapcursor/-/prosemirror-gapcursor-1.3.2.tgz#5fa336b83789c6199a7341c9493587e249215cb4"
  integrity sha512-wtjswVBd2vaQRrnYZaBCbyDqr232Ed4p2QPtRIUK5FuqHYKGWkEwl08oQM4Tw7DOR0FsasARV5uJFvMZWxdNxQ==
  dependencies:
    prosemirror-keymap "^1.0.0"
    prosemirror-model "^1.0.0"
    prosemirror-state "^1.0.0"
    prosemirror-view "^1.0.0"

prosemirror-history@^1.0.0, prosemirror-history@^1.3.2:
  version "1.4.0"
  resolved "https://registry.yarnpkg.com/prosemirror-history/-/prosemirror-history-1.4.0.tgz#1edbce630aaf21b808e5a5cd798a09976ecb1827"
  integrity sha512-UUiGzDVcqo1lovOPdi9YxxUps3oBFWAIYkXLu3Ot+JPv1qzVogRbcizxK3LhHmtaUxclohgiOVesRw5QSlMnbQ==
  dependencies:
    prosemirror-state "^1.2.2"
    prosemirror-transform "^1.0.0"
    prosemirror-view "^1.31.0"
    rope-sequence "^1.3.0"

prosemirror-inputrules@^1.3.0:
  version "1.4.0"
  resolved "https://registry.yarnpkg.com/prosemirror-inputrules/-/prosemirror-inputrules-1.4.0.tgz#ef1519bb2cb0d1e0cec74bad1a97f1c1555068bb"
  integrity sha512-6ygpPRuTJ2lcOXs9JkefieMst63wVJBgHZGl5QOytN7oSZs3Co/BYbc3Yx9zm9H37Bxw8kVzCnDsihsVsL4yEg==
  dependencies:
    prosemirror-state "^1.0.0"
    prosemirror-transform "^1.0.0"

prosemirror-keymap@^1.0.0, prosemirror-keymap@^1.1.2, prosemirror-keymap@^1.2.2:
  version "1.2.2"
  resolved "https://registry.yarnpkg.com/prosemirror-keymap/-/prosemirror-keymap-1.2.2.tgz#14a54763a29c7b2704f561088ccf3384d14eb77e"
  integrity sha512-EAlXoksqC6Vbocqc0GtzCruZEzYgrn+iiGnNjsJsH4mrnIGex4qbLdWWNza3AW5W36ZRrlBID0eM6bdKH4OStQ==
  dependencies:
    prosemirror-state "^1.0.0"
    w3c-keyname "^2.2.0"

prosemirror-markdown@^1.12.0:
  version "1.13.0"
  resolved "https://registry.yarnpkg.com/prosemirror-markdown/-/prosemirror-markdown-1.13.0.tgz#67ebfa40af48a22d1e4ed6cad2e29851eb61e649"
  integrity sha512-UziddX3ZYSYibgx8042hfGKmukq5Aljp2qoBiJRejD/8MH70siQNz5RB1TrdTPheqLMy4aCe4GYNF10/3lQS5g==
  dependencies:
    markdown-it "^14.0.0"
    prosemirror-model "^1.20.0"

prosemirror-menu@^1.2.4:
  version "1.2.4"
  resolved "https://registry.yarnpkg.com/prosemirror-menu/-/prosemirror-menu-1.2.4.tgz#3cfdc7c06d10f9fbd1bce29082c498bd11a0a79a"
  integrity sha512-S/bXlc0ODQup6aiBbWVsX/eM+xJgCTAfMq/nLqaO5ID/am4wS0tTCIkzwytmao7ypEtjj39i7YbJjAgO20mIqA==
  dependencies:
    crelt "^1.0.0"
    prosemirror-commands "^1.0.0"
    prosemirror-history "^1.0.0"
    prosemirror-state "^1.0.0"

prosemirror-model@^1.0.0, prosemirror-model@^1.19.0, prosemirror-model@^1.19.4, prosemirror-model@^1.20.0, prosemirror-model@^1.21.0, prosemirror-model@^1.8.1:
  version "1.21.1"
  resolved "https://registry.yarnpkg.com/prosemirror-model/-/prosemirror-model-1.21.1.tgz#023b804cfc7942bc9b3104e65f59b18bf18514c6"
  integrity sha512-IVBAuMqOfltTr7yPypwpfdGT+6rGAteVOw2FO6GEvCGGa1ZwxLseqC1Eax/EChDvG/xGquB2d/hLdgh3THpsYg==
  dependencies:
    orderedmap "^2.0.0"

prosemirror-schema-basic@^1.2.2:
  version "1.2.2"
  resolved "https://registry.yarnpkg.com/prosemirror-schema-basic/-/prosemirror-schema-basic-1.2.2.tgz#6695f5175e4628aab179bf62e5568628b9cfe6c7"
  integrity sha512-/dT4JFEGyO7QnNTe9UaKUhjDXbTNkiWTq/N4VpKaF79bBjSExVV2NXmJpcM7z/gD7mbqNjxbmWW5nf1iNSSGnw==
  dependencies:
    prosemirror-model "^1.19.0"

prosemirror-schema-list@^1.3.0:
  version "1.4.0"
  resolved "https://registry.yarnpkg.com/prosemirror-schema-list/-/prosemirror-schema-list-1.4.0.tgz#03f210a25ec0e36b717defb486d2081d733a40dc"
  integrity sha512-nZOIq/AkBSzCENxUyLm5ltWE53e2PLk65ghMN8qLQptOmDVixZlPqtMeQdiNw0odL9vNpalEjl3upgRkuJ/Jyw==
  dependencies:
    prosemirror-model "^1.0.0"
    prosemirror-state "^1.0.0"
    prosemirror-transform "^1.7.3"

prosemirror-state@^1.0.0, prosemirror-state@^1.2.2, prosemirror-state@^1.3.1, prosemirror-state@^1.4.3:
  version "1.4.3"
  resolved "https://registry.yarnpkg.com/prosemirror-state/-/prosemirror-state-1.4.3.tgz#94aecf3ffd54ec37e87aa7179d13508da181a080"
  integrity sha512-goFKORVbvPuAQaXhpbemJFRKJ2aixr+AZMGiquiqKxaucC6hlpHNZHWgz5R7dS4roHiwq9vDctE//CZ++o0W1Q==
  dependencies:
    prosemirror-model "^1.0.0"
    prosemirror-transform "^1.0.0"
    prosemirror-view "^1.27.0"

prosemirror-tables@^1.3.5:
  version "1.3.7"
  resolved "https://registry.yarnpkg.com/prosemirror-tables/-/prosemirror-tables-1.3.7.tgz#9d296bd432d2bc7dca90f14e5c3b5c5f61277f7a"
  integrity sha512-oEwX1wrziuxMtwFvdDWSFHVUWrFJWt929kVVfHvtTi8yvw+5ppxjXZkMG/fuTdFo+3DXyIPSKfid+Be1npKXDA==
  dependencies:
    prosemirror-keymap "^1.1.2"
    prosemirror-model "^1.8.1"
    prosemirror-state "^1.3.1"
    prosemirror-transform "^1.2.1"
    prosemirror-view "^1.13.3"

prosemirror-trailing-node@^2.0.7:
  version "2.0.8"
  resolved "https://registry.yarnpkg.com/prosemirror-trailing-node/-/prosemirror-trailing-node-2.0.8.tgz#233ddcbda72de06f9b5d758d2a65a8cac482ea10"
  integrity sha512-ujRYhSuhQb1Jsarh1IHqb2KoSnRiD7wAMDGucP35DN7j5af6X7B18PfdPIrbwsPTqIAj0fyOvxbuPsWhNvylmA==
  dependencies:
    "@remirror/core-constants" "^2.0.2"
    escape-string-regexp "^4.0.0"

prosemirror-transform@^1.0.0, prosemirror-transform@^1.1.0, prosemirror-transform@^1.2.1, prosemirror-transform@^1.7.3, prosemirror-transform@^1.8.0:
  version "1.9.0"
  resolved "https://registry.yarnpkg.com/prosemirror-transform/-/prosemirror-transform-1.9.0.tgz#81fd1fbd887929a95369e6dd3d240c23c19313f8"
  integrity sha512-5UXkr1LIRx3jmpXXNKDhv8OyAOeLTGuXNwdVfg8x27uASna/wQkr9p6fD3eupGOi4PLJfbezxTyi/7fSJypXHg==
  dependencies:
    prosemirror-model "^1.21.0"

prosemirror-view@^1.0.0, prosemirror-view@^1.1.0, prosemirror-view@^1.13.3, prosemirror-view@^1.27.0, prosemirror-view@^1.31.0, prosemirror-view@^1.32.7:
  version "1.33.7"
  resolved "https://registry.yarnpkg.com/prosemirror-view/-/prosemirror-view-1.33.7.tgz#fd9841a79a4bc517914a57456370b941bd655729"
  integrity sha512-jo6eMQCtPRwcrA2jISBCnm0Dd2B+szS08BU1Ay+XGiozHo5EZMHfLQE8R5nO4vb1spTH2RW1woZIYXRiQsuP8g==
  dependencies:
    prosemirror-model "^1.20.0"
    prosemirror-state "^1.0.0"
    prosemirror-transform "^1.1.0"

punycode.js@^2.3.1:
  version "2.3.1"
  resolved "https://registry.yarnpkg.com/punycode.js/-/punycode.js-2.3.1.tgz#6b53e56ad75588234e79f4affa90972c7dd8cdb7"
  integrity sha512-uxFIHU0YlHYhDQtV4R9J6a52SLx28BCjT+4ieh7IGbgwVJWO+km431c4yRlREUAsAmt/uMjQUyQHNEPf0M39CA==

radix-vue@^1.5.3:
  version "1.8.3"
  resolved "https://registry.yarnpkg.com/radix-vue/-/radix-vue-1.8.3.tgz#d312bb5d76d4cbb8ae2a0ce4a3edcb423d48d705"
  integrity sha512-WPgvEz0i5XKjwahhffD2QPLiOTthTfecoVjwq4l3i3EWBX2tUp4Vw3n3OLGf3S18FN/WfEgD3GIxYfsrnDutqw==
  dependencies:
    "@floating-ui/dom" "^1.6.5"
    "@floating-ui/vue" "^1.0.6"
    "@internationalized/date" "^3.5.4"
    "@internationalized/number" "^3.5.3"
    "@tanstack/vue-virtual" "^3.5.0"
    "@vueuse/core" "^10.5.0"
    "@vueuse/shared" "^10.5.0"
    aria-hidden "^1.2.3"
    defu "^6.1.4"
    fast-deep-equal "^3.1.3"
    nanoid "^5.0.6"

rope-sequence@^1.3.0:
  version "1.3.4"
  resolved "https://registry.yarnpkg.com/rope-sequence/-/rope-sequence-1.3.4.tgz#df85711aaecd32f1e756f76e43a415171235d425"
  integrity sha512-UT5EDe2cu2E/6O4igUr5PSFs23nvvukicWHx6GnOPlHAiiYbzNuCRQCuiUdHJQcqKalLKlrYJnjY0ySGsXNQXQ==

showdown@^2.1.0:
  version "2.1.0"
  resolved "https://registry.yarnpkg.com/showdown/-/showdown-2.1.0.tgz#1251f5ed8f773f0c0c7bfc8e6fd23581f9e545c5"
  integrity sha512-/6NVYu4U819R2pUIk79n67SYgJHWCce0a5xTP979WbNp0FL9MN1I1QK662IDU1b6JzKTvmhgI7T7JYIxBi3kMQ==
  dependencies:
    commander "^9.0.0"

socket.io-client@^4.5.1:
  version "4.7.5"
  resolved "https://registry.yarnpkg.com/socket.io-client/-/socket.io-client-4.7.5.tgz#919be76916989758bdc20eec63f7ee0ae45c05b7"
  integrity sha512-sJ/tqHOCe7Z50JCBCXrsY3I2k03iOiUe+tj1OmKeD2lXPiGH/RUCdTZFoqVyN7l1MnpIzPrGtLcijffmeouNlQ==
  dependencies:
    "@socket.io/component-emitter" "~3.1.0"
    debug "~4.3.2"
    engine.io-client "~6.5.2"
    socket.io-parser "~4.2.4"

socket.io-parser@~4.2.4:
  version "4.2.4"
  resolved "https://registry.yarnpkg.com/socket.io-parser/-/socket.io-parser-4.2.4.tgz#c806966cf7270601e47469ddeec30fbdfda44c83"
  integrity sha512-/GbIKmo8ioc+NIWIhwdecY0ge+qVBSMdgxGygevmdHj24bsfgtCmcUUcQ5ZzcylGFHsN3k4HB4Cgkl96KVnuew==
  dependencies:
    "@socket.io/component-emitter" "~3.1.0"
    debug "~4.3.1"

tippy.js@^6.3.7:
  version "6.3.7"
  resolved "https://registry.yarnpkg.com/tippy.js/-/tippy.js-6.3.7.tgz#8ccfb651d642010ed9a32ff29b0e9e19c5b8c61c"
  integrity sha512-E1d3oP2emgJ9dRQZdf3Kkn0qJgI6ZLpyS5z6ZkY1DF3kaQaBsGZsndEpHwx+eC+tYM41HaSNvNtLx8tU57FzTQ==
  dependencies:
    "@popperjs/core" "^2.9.0"

tslib@^2.0.0, tslib@^2.4.0:
  version "2.6.3"
  resolved "https://registry.yarnpkg.com/tslib/-/tslib-2.6.3.tgz#0438f810ad7a9edcde7a241c3d80db693c8cbfe0"
  integrity sha512-xNvxJEOUiWPGhUuUdQgAJPKOOJfGnIyKySOc09XkKsgdUV/3E2zvwZYdejjmRgPCgcym1juLH3226yA7sEFJKQ==

uc.micro@^2.0.0, uc.micro@^2.1.0:
  version "2.1.0"
  resolved "https://registry.yarnpkg.com/uc.micro/-/uc.micro-2.1.0.tgz#f8d3f7d0ec4c3dea35a7e3c8efa4cb8b45c9e7ee"
  integrity sha512-ARDJmphmdvUk6Glw7y9DQ2bFkKBHwQHLi2lsaH6PPmz/Ka9sFOBsBluozhDltWmnv9u/cF6Rt87znRTPV+yp/A==

util-deprecate@^1.0.2:
  version "1.0.2"
  resolved "https://registry.yarnpkg.com/util-deprecate/-/util-deprecate-1.0.2.tgz#450d4dc9fa70de732762fbd2d4a28981419a0ccf"
  integrity sha512-EPD5q1uXyFxJpCrLnCc1nHnq3gOa6DZBocAIiI2TaSCA7VCJ1UJDMagCzIkXNsUYfD1daK//LTEQ8xiIbrHtcw==

vue-demi@>=0.13.0, vue-demi@>=0.14.7:
  version "0.14.8"
  resolved "https://registry.yarnpkg.com/vue-demi/-/vue-demi-0.14.8.tgz#00335e9317b45e4a68d3528aaf58e0cec3d5640a"
  integrity sha512-Uuqnk9YE9SsWeReYqK2alDI5YzciATE0r2SkA6iMAtuXvNTMNACJLJEXNXaEy94ECuBe4Sk6RzRU80kjdbIo1Q==

w3c-keyname@^2.2.0:
  version "2.2.8"
  resolved "https://registry.yarnpkg.com/w3c-keyname/-/w3c-keyname-2.2.8.tgz#7b17c8c6883d4e8b86ac8aba79d39e880f8869c5"
  integrity sha512-dpojBhNsCNN7T82Tm7k26A6G9ML3NkhDsnw9n/eoxSRlVBB4CEtIQ/KTCLI2Fwf3ataSXRhYFkQi3SlnFwPvPQ==

ws@~8.11.0:
  version "8.11.0"
  resolved "https://registry.yarnpkg.com/ws/-/ws-8.11.0.tgz#6a0d36b8edfd9f96d8b25683db2f8d7de6e8e143"
  integrity sha512-HPG3wQd9sNQoT9xHyNCXoDUa+Xw/VevmY9FoHyQ+g+rrMn4j6FB4np7Z0OhdTgjx6MgQLK7jwSy1YecU1+4Asg==

xmlhttprequest-ssl@~2.0.0:
  version "2.0.0"
  resolved "https://registry.yarnpkg.com/xmlhttprequest-ssl/-/xmlhttprequest-ssl-2.0.0.tgz#91360c86b914e67f44dce769180027c0da618c67"
  integrity sha512-QKxVRxiRACQcVuQEYFsI1hhkrMlrXHPegbbd1yn9UHOmRxY+si12nQYzri3vbzt8VdTTRviqcKxcyllFas5z2A==
